// !$*UTF8*$!
{
	archiveVersion = 1;
	classes = {
	};
	objectVersion = 48;
	objects = {

/* Begin PBXBuildFile section */
		933C5FD62062352E002D7BEE /* AppDelegate.swift in Sources */ = {isa = PBXBuildFile; fileRef = 933C5FD52062352E002D7BEE /* AppDelegate.swift */; };
		933C5FD82062352E002D7BEE /* ViewController.swift in Sources */ = {isa = PBXBuildFile; fileRef = 933C5FD72062352E002D7BEE /* ViewController.swift */; };
		933C5FDB2062352E002D7BEE /* Main.storyboard in Resources */ = {isa = PBXBuildFile; fileRef = 933C5FD92062352E002D7BEE /* Main.storyboard */; };
		933C5FDD2062352E002D7BEE /* Assets.xcassets in Resources */ = {isa = PBXBuildFile; fileRef = 933C5FDC2062352E002D7BEE /* Assets.xcassets */; };
		933C5FE02062352E002D7BEE /* LaunchScreen.storyboard in Resources */ = {isa = PBXBuildFile; fileRef = 933C5FDE2062352E002D7BEE /* LaunchScreen.storyboard */; };
		933C5FEB2062352E002D7BEE /* BaseProjectTests.swift in Sources */ = {isa = PBXBuildFile; fileRef = 933C5FEA2062352E002D7BEE /* BaseProjectTests.swift */; };
		933C5FF62062352E002D7BEE /* BaseProjectUITests.swift in Sources */ = {isa = PBXBuildFile; fileRef = 933C5FF52062352E002D7BEE /* BaseProjectUITests.swift */; };
		93ABBB76207DB9020080F385 /* DPDConstants.swift in Sources */ = {isa = PBXBuildFile; fileRef = 93ABBB6C207DB9020080F385 /* DPDConstants.swift */; };
		93ABBB77207DB9020080F385 /* DPDKeyboardListener.swift in Sources */ = {isa = PBXBuildFile; fileRef = 93ABBB6D207DB9020080F385 /* DPDKeyboardListener.swift */; };
		93ABBB78207DB9020080F385 /* DPDUIView+Extension.swift in Sources */ = {isa = PBXBuildFile; fileRef = 93ABBB6E207DB9020080F385 /* DPDUIView+Extension.swift */; };
		93ABBB79207DB9020080F385 /* Info.plist in Resources */ = {isa = PBXBuildFile; fileRef = 93ABBB6F207DB9020080F385 /* Info.plist */; };
		93ABBB7A207DB9020080F385 /* DropDownCell.xib in Resources */ = {isa = PBXBuildFile; fileRef = 93ABBB71207DB9020080F385 /* DropDownCell.xib */; };
		93ABBB7B207DB9020080F385 /* DropDown+Appearance.swift in Sources */ = {isa = PBXBuildFile; fileRef = 93ABBB73207DB9020080F385 /* DropDown+Appearance.swift */; };
		93ABBB7C207DB9020080F385 /* DropDown.swift in Sources */ = {isa = PBXBuildFile; fileRef = 93ABBB74207DB9020080F385 /* DropDown.swift */; };
		93ABBB7D207DB9020080F385 /* DropDownCell.swift in Sources */ = {isa = PBXBuildFile; fileRef = 93ABBB75207DB9020080F385 /* DropDownCell.swift */; };
		93ABBB98207DB90B0080F385 /* BaseCollectionViewCell.swift in Sources */ = {isa = PBXBuildFile; fileRef = 93ABBB80207DB90B0080F385 /* BaseCollectionViewCell.swift */; };
		93ABBB99207DB90B0080F385 /* BaseNavigationController.swift in Sources */ = {isa = PBXBuildFile; fileRef = 93ABBB82207DB90B0080F385 /* BaseNavigationController.swift */; };
		93ABBB9A207DB90B0080F385 /* BaseDataModel.swift in Sources */ = {isa = PBXBuildFile; fileRef = 93ABBB84207DB90B0080F385 /* BaseDataModel.swift */; };
		93ABBB9B207DB90B0080F385 /* BaseRouter.swift in Sources */ = {isa = PBXBuildFile; fileRef = 93ABBB85207DB90B0080F385 /* BaseRouter.swift */; };
		93ABBB9C207DB90B0080F385 /* SwiftyJSONMappable.swift in Sources */ = {isa = PBXBuildFile; fileRef = 93ABBB86207DB90B0080F385 /* SwiftyJSONMappable.swift */; };
		93ABBB9D207DB90B0080F385 /* BaseQueryCollectionViewController.swift in Sources */ = {isa = PBXBuildFile; fileRef = 93ABBB88207DB90B0080F385 /* BaseQueryCollectionViewController.swift */; };
		93ABBB9E207DB90B0080F385 /* BaseQueryTableViewController.swift in Sources */ = {isa = PBXBuildFile; fileRef = 93ABBB8A207DB90B0080F385 /* BaseQueryTableViewController.swift */; };
		93ABBB9F207DB90B0080F385 /* BaseTabBarController.swift in Sources */ = {isa = PBXBuildFile; fileRef = 93ABBB8C207DB90B0080F385 /* BaseTabBarController.swift */; };
		93ABBBA0207DB90B0080F385 /* BaseTableViewCell.swift in Sources */ = {isa = PBXBuildFile; fileRef = 93ABBB8E207DB90B0080F385 /* BaseTableViewCell.swift */; };
		93ABBBA1207DB90B0080F385 /* BaseTableViewHeaderFooterView.swift in Sources */ = {isa = PBXBuildFile; fileRef = 93ABBB90207DB90B0080F385 /* BaseTableViewHeaderFooterView.swift */; };
		93ABBBA2207DB90B0080F385 /* BaseInputViewController.swift in Sources */ = {isa = PBXBuildFile; fileRef = 93ABBB92207DB90B0080F385 /* BaseInputViewController.swift */; };
		93ABBBA3207DB90B0080F385 /* BaseViewController.swift in Sources */ = {isa = PBXBuildFile; fileRef = 93ABBB93207DB90B0080F385 /* BaseViewController.swift */; };
		93ABBBA4207DB90B0080F385 /* Constant.swift in Sources */ = {isa = PBXBuildFile; fileRef = 93ABBB95207DB90B0080F385 /* Constant.swift */; };
		93ABBBA5207DB90B0080F385 /* Enums.swift in Sources */ = {isa = PBXBuildFile; fileRef = 93ABBB96207DB90B0080F385 /* Enums.swift */; };
		93ABBBA6207DB90B0080F385 /* Storyboards.swift in Sources */ = {isa = PBXBuildFile; fileRef = 93ABBB97207DB90B0080F385 /* Storyboards.swift */; };
		93ABBBDD207DB9370080F385 /* AppInformation.swift in Sources */ = {isa = PBXBuildFile; fileRef = 93ABBBB9207DB9370080F385 /* AppInformation.swift */; };
		93ABBBDE207DB9370080F385 /* Array+Extension.swift in Sources */ = {isa = PBXBuildFile; fileRef = 93ABBBBB207DB9370080F385 /* Array+Extension.swift */; };
		93ABBBDF207DB9370080F385 /* Data+Extension.swift in Sources */ = {isa = PBXBuildFile; fileRef = 93ABBBBC207DB9370080F385 /* Data+Extension.swift */; };
		93ABBBE0207DB9370080F385 /* Date+Extension.swift in Sources */ = {isa = PBXBuildFile; fileRef = 93ABBBBD207DB9370080F385 /* Date+Extension.swift */; };
		93ABBBE1207DB9370080F385 /* Dictionary+Extension.swift in Sources */ = {isa = PBXBuildFile; fileRef = 93ABBBBE207DB9370080F385 /* Dictionary+Extension.swift */; };
		93ABBBE2207DB9370080F385 /* Float+Extension.swift in Sources */ = {isa = PBXBuildFile; fileRef = 93ABBBBF207DB9370080F385 /* Float+Extension.swift */; };
		93ABBBE3207DB9370080F385 /* Int+Extension.swift in Sources */ = {isa = PBXBuildFile; fileRef = 93ABBBC0207DB9370080F385 /* Int+Extension.swift */; };
		93ABBBE4207DB9370080F385 /* NSMutableAttributedString+Extension.swift in Sources */ = {isa = PBXBuildFile; fileRef = 93ABBBC1207DB9370080F385 /* NSMutableAttributedString+Extension.swift */; };
		93ABBBE5207DB9370080F385 /* Number+Extension.swift in Sources */ = {isa = PBXBuildFile; fileRef = 93ABBBC2207DB9370080F385 /* Number+Extension.swift */; };
		93ABBBE6207DB9370080F385 /* String+Extension.swift in Sources */ = {isa = PBXBuildFile; fileRef = 93ABBBC3207DB9370080F385 /* String+Extension.swift */; };
		93ABBBE7207DB9370080F385 /* TableView+Util.swift in Sources */ = {isa = PBXBuildFile; fileRef = 93ABBBC4207DB9370080F385 /* TableView+Util.swift */; };
		93ABBBE8207DB9370080F385 /* UIButton+Extensions.swift in Sources */ = {isa = PBXBuildFile; fileRef = 93ABBBC5207DB9370080F385 /* UIButton+Extensions.swift */; };
		93ABBBE9207DB9370080F385 /* UIColor+Extension.swift in Sources */ = {isa = PBXBuildFile; fileRef = 93ABBBC6207DB9370080F385 /* UIColor+Extension.swift */; };
		93ABBBEA207DB9370080F385 /* UIImage+Extension.swift in Sources */ = {isa = PBXBuildFile; fileRef = 93ABBBC7207DB9370080F385 /* UIImage+Extension.swift */; };
		93ABBBEB207DB9370080F385 /* UILabel+Extension.swift in Sources */ = {isa = PBXBuildFile; fileRef = 93ABBBC8207DB9370080F385 /* UILabel+Extension.swift */; };
		93ABBBEC207DB9370080F385 /* UITextView+Util.swift in Sources */ = {isa = PBXBuildFile; fileRef = 93ABBBC9207DB9370080F385 /* UITextView+Util.swift */; };
		93ABBBED207DB9370080F385 /* UIView+Extension.swift in Sources */ = {isa = PBXBuildFile; fileRef = 93ABBBCA207DB9370080F385 /* UIView+Extension.swift */; };
		93ABBBEE207DB9370080F385 /* UIViewController+Extension.swift in Sources */ = {isa = PBXBuildFile; fileRef = 93ABBBCB207DB9370080F385 /* UIViewController+Extension.swift */; };
		93ABBBEF207DB9370080F385 /* KVAlertView.swift in Sources */ = {isa = PBXBuildFile; fileRef = 93ABBBCE207DB9370080F385 /* KVAlertView.swift */; };
		93ABBBF0207DB9370080F385 /* KVLoading.swift in Sources */ = {isa = PBXBuildFile; fileRef = 93ABBBCF207DB9370080F385 /* KVLoading.swift */; };
		93ABBBF1207DB9370080F385 /* PhotoManager.swift in Sources */ = {isa = PBXBuildFile; fileRef = 93ABBBD2207DB9370080F385 /* PhotoManager.swift */; };
		93ABBBF2207DB9370080F385 /* VTextView.swift in Sources */ = {isa = PBXBuildFile; fileRef = 93ABBBD8207DB9370080F385 /* VTextView.swift */; };
		93ABBBF3207DB9370080F385 /* VTView.swift in Sources */ = {isa = PBXBuildFile; fileRef = 93ABBBDA207DB9370080F385 /* VTView.swift */; };
		93ABBBF4207DB9370080F385 /* WIFI.swift in Sources */ = {isa = PBXBuildFile; fileRef = 93ABBBDC207DB9370080F385 /* WIFI.swift */; };
		93ABBBFF207DB9510080F385 /* Menu.swift in Sources */ = {isa = PBXBuildFile; fileRef = 93ABBBF7207DB9510080F385 /* Menu.swift */; };
		93ABBC00207DB9510080F385 /* User.swift in Sources */ = {isa = PBXBuildFile; fileRef = 93ABBBF9207DB9510080F385 /* User.swift */; };
		93ABBC01207DB9510080F385 /* XuLyDiemXungYeuRouter.swift in Sources */ = {isa = PBXBuildFile; fileRef = 93ABBBFE207DB9510080F385 /* XuLyDiemXungYeuRouter.swift */; };
		93ABBC13207DB9620080F385 /* LoadingView.swift in Sources */ = {isa = PBXBuildFile; fileRef = 93ABBC04207DB9620080F385 /* LoadingView.swift */; };
		93ABBC14207DB9620080F385 /* LoadingView.xib in Resources */ = {isa = PBXBuildFile; fileRef = 93ABBC05207DB9620080F385 /* LoadingView.xib */; };
		93ABBC15207DB9620080F385 /* DefaultEmptyView.swift in Sources */ = {isa = PBXBuildFile; fileRef = 93ABBC09207DB9620080F385 /* DefaultEmptyView.swift */; };
		93ABBC16207DB9620080F385 /* DefaultEmptyView.xib in Resources */ = {isa = PBXBuildFile; fileRef = 93ABBC0A207DB9620080F385 /* DefaultEmptyView.xib */; };
		93ABBC17207DB9620080F385 /* DefaultErrorView.swift in Sources */ = {isa = PBXBuildFile; fileRef = 93ABBC0D207DB9620080F385 /* DefaultErrorView.swift */; };
		93ABBC18207DB9620080F385 /* DefaultErrorView.xib in Resources */ = {isa = PBXBuildFile; fileRef = 93ABBC0E207DB9620080F385 /* DefaultErrorView.xib */; };
		93ABBC19207DB9620080F385 /* DefaultLoadingView.swift in Sources */ = {isa = PBXBuildFile; fileRef = 93ABBC11207DB9620080F385 /* DefaultLoadingView.swift */; };
		93ABBC1A207DB9620080F385 /* DefaultLoadingView.xib in Resources */ = {isa = PBXBuildFile; fileRef = 93ABBC12207DB9620080F385 /* DefaultLoadingView.xib */; };
/* End PBXBuildFile section */

/* Begin PBXContainerItemProxy section */
		933C5FE72062352E002D7BEE /* PBXContainerItemProxy */ = {
			isa = PBXContainerItemProxy;
			containerPortal = 933C5FCA2062352E002D7BEE /* Project object */;
			proxyType = 1;
			remoteGlobalIDString = 933C5FD12062352E002D7BEE;
			remoteInfo = BaseProject;
		};
		933C5FF22062352E002D7BEE /* PBXContainerItemProxy */ = {
			isa = PBXContainerItemProxy;
			containerPortal = 933C5FCA2062352E002D7BEE /* Project object */;
			proxyType = 1;
			remoteGlobalIDString = 933C5FD12062352E002D7BEE;
			remoteInfo = BaseProject;
		};
/* End PBXContainerItemProxy section */

/* Begin PBXFileReference section */
		933C5FD22062352E002D7BEE /* BaseProject.app */ = {isa = PBXFileReference; explicitFileType = wrapper.application; includeInIndex = 0; path = BaseProject.app; sourceTree = BUILT_PRODUCTS_DIR; };
		933C5FD52062352E002D7BEE /* AppDelegate.swift */ = {isa = PBXFileReference; lastKnownFileType = sourcecode.swift; path = AppDelegate.swift; sourceTree = "<group>"; };
		933C5FD72062352E002D7BEE /* ViewController.swift */ = {isa = PBXFileReference; lastKnownFileType = sourcecode.swift; path = ViewController.swift; sourceTree = "<group>"; };
		933C5FDA2062352E002D7BEE /* Base */ = {isa = PBXFileReference; lastKnownFileType = file.storyboard; name = Base; path = Base.lproj/Main.storyboard; sourceTree = "<group>"; };
		933C5FDC2062352E002D7BEE /* Assets.xcassets */ = {isa = PBXFileReference; lastKnownFileType = folder.assetcatalog; path = Assets.xcassets; sourceTree = "<group>"; };
		933C5FDF2062352E002D7BEE /* Base */ = {isa = PBXFileReference; lastKnownFileType = file.storyboard; name = Base; path = Base.lproj/LaunchScreen.storyboard; sourceTree = "<group>"; };
		933C5FE12062352E002D7BEE /* Info.plist */ = {isa = PBXFileReference; lastKnownFileType = text.plist.xml; path = Info.plist; sourceTree = "<group>"; };
		933C5FE62062352E002D7BEE /* BaseProjectTests.xctest */ = {isa = PBXFileReference; explicitFileType = wrapper.cfbundle; includeInIndex = 0; path = BaseProjectTests.xctest; sourceTree = BUILT_PRODUCTS_DIR; };
		933C5FEA2062352E002D7BEE /* BaseProjectTests.swift */ = {isa = PBXFileReference; lastKnownFileType = sourcecode.swift; path = BaseProjectTests.swift; sourceTree = "<group>"; };
		933C5FEC2062352E002D7BEE /* Info.plist */ = {isa = PBXFileReference; lastKnownFileType = text.plist.xml; path = Info.plist; sourceTree = "<group>"; };
		933C5FF12062352E002D7BEE /* BaseProjectUITests.xctest */ = {isa = PBXFileReference; explicitFileType = wrapper.cfbundle; includeInIndex = 0; path = BaseProjectUITests.xctest; sourceTree = BUILT_PRODUCTS_DIR; };
		933C5FF52062352E002D7BEE /* BaseProjectUITests.swift */ = {isa = PBXFileReference; lastKnownFileType = sourcecode.swift; path = BaseProjectUITests.swift; sourceTree = "<group>"; };
		933C5FF72062352E002D7BEE /* Info.plist */ = {isa = PBXFileReference; lastKnownFileType = text.plist.xml; path = Info.plist; sourceTree = "<group>"; };
		93ABBB6A207DB9020080F385 /* DropDown.h */ = {isa = PBXFileReference; fileEncoding = 4; lastKnownFileType = sourcecode.c.h; path = DropDown.h; sourceTree = "<group>"; };
		93ABBB6C207DB9020080F385 /* DPDConstants.swift */ = {isa = PBXFileReference; fileEncoding = 4; lastKnownFileType = sourcecode.swift; path = DPDConstants.swift; sourceTree = "<group>"; };
		93ABBB6D207DB9020080F385 /* DPDKeyboardListener.swift */ = {isa = PBXFileReference; fileEncoding = 4; lastKnownFileType = sourcecode.swift; path = DPDKeyboardListener.swift; sourceTree = "<group>"; };
		93ABBB6E207DB9020080F385 /* DPDUIView+Extension.swift */ = {isa = PBXFileReference; fileEncoding = 4; lastKnownFileType = sourcecode.swift; path = "DPDUIView+Extension.swift"; sourceTree = "<group>"; };
		93ABBB6F207DB9020080F385 /* Info.plist */ = {isa = PBXFileReference; fileEncoding = 4; lastKnownFileType = text.plist.xml; path = Info.plist; sourceTree = "<group>"; };
		93ABBB71207DB9020080F385 /* DropDownCell.xib */ = {isa = PBXFileReference; fileEncoding = 4; lastKnownFileType = file.xib; path = DropDownCell.xib; sourceTree = "<group>"; };
		93ABBB73207DB9020080F385 /* DropDown+Appearance.swift */ = {isa = PBXFileReference; fileEncoding = 4; lastKnownFileType = sourcecode.swift; path = "DropDown+Appearance.swift"; sourceTree = "<group>"; };
		93ABBB74207DB9020080F385 /* DropDown.swift */ = {isa = PBXFileReference; fileEncoding = 4; lastKnownFileType = sourcecode.swift; path = DropDown.swift; sourceTree = "<group>"; };
		93ABBB75207DB9020080F385 /* DropDownCell.swift */ = {isa = PBXFileReference; fileEncoding = 4; lastKnownFileType = sourcecode.swift; path = DropDownCell.swift; sourceTree = "<group>"; };
		93ABBB80207DB90B0080F385 /* BaseCollectionViewCell.swift */ = {isa = PBXFileReference; fileEncoding = 4; lastKnownFileType = sourcecode.swift; path = BaseCollectionViewCell.swift; sourceTree = "<group>"; };
		93ABBB82207DB90B0080F385 /* BaseNavigationController.swift */ = {isa = PBXFileReference; fileEncoding = 4; lastKnownFileType = sourcecode.swift; path = BaseNavigationController.swift; sourceTree = "<group>"; };
		93ABBB84207DB90B0080F385 /* BaseDataModel.swift */ = {isa = PBXFileReference; fileEncoding = 4; lastKnownFileType = sourcecode.swift; path = BaseDataModel.swift; sourceTree = "<group>"; };
		93ABBB85207DB90B0080F385 /* BaseRouter.swift */ = {isa = PBXFileReference; fileEncoding = 4; lastKnownFileType = sourcecode.swift; path = BaseRouter.swift; sourceTree = "<group>"; };
		93ABBB86207DB90B0080F385 /* SwiftyJSONMappable.swift */ = {isa = PBXFileReference; fileEncoding = 4; lastKnownFileType = sourcecode.swift; path = SwiftyJSONMappable.swift; sourceTree = "<group>"; };
		93ABBB88207DB90B0080F385 /* BaseQueryCollectionViewController.swift */ = {isa = PBXFileReference; fileEncoding = 4; lastKnownFileType = sourcecode.swift; path = BaseQueryCollectionViewController.swift; sourceTree = "<group>"; };
		93ABBB8A207DB90B0080F385 /* BaseQueryTableViewController.swift */ = {isa = PBXFileReference; fileEncoding = 4; lastKnownFileType = sourcecode.swift; path = BaseQueryTableViewController.swift; sourceTree = "<group>"; };
		93ABBB8C207DB90B0080F385 /* BaseTabBarController.swift */ = {isa = PBXFileReference; fileEncoding = 4; lastKnownFileType = sourcecode.swift; path = BaseTabBarController.swift; sourceTree = "<group>"; };
		93ABBB8E207DB90B0080F385 /* BaseTableViewCell.swift */ = {isa = PBXFileReference; fileEncoding = 4; lastKnownFileType = sourcecode.swift; path = BaseTableViewCell.swift; sourceTree = "<group>"; };
		93ABBB90207DB90B0080F385 /* BaseTableViewHeaderFooterView.swift */ = {isa = PBXFileReference; fileEncoding = 4; lastKnownFileType = sourcecode.swift; path = BaseTableViewHeaderFooterView.swift; sourceTree = "<group>"; };
		93ABBB92207DB90B0080F385 /* BaseInputViewController.swift */ = {isa = PBXFileReference; fileEncoding = 4; lastKnownFileType = sourcecode.swift; path = BaseInputViewController.swift; sourceTree = "<group>"; };
		93ABBB93207DB90B0080F385 /* BaseViewController.swift */ = {isa = PBXFileReference; fileEncoding = 4; lastKnownFileType = sourcecode.swift; path = BaseViewController.swift; sourceTree = "<group>"; };
		93ABBB95207DB90B0080F385 /* Constant.swift */ = {isa = PBXFileReference; fileEncoding = 4; lastKnownFileType = sourcecode.swift; path = Constant.swift; sourceTree = "<group>"; };
		93ABBB96207DB90B0080F385 /* Enums.swift */ = {isa = PBXFileReference; fileEncoding = 4; lastKnownFileType = sourcecode.swift; path = Enums.swift; sourceTree = "<group>"; };
		93ABBB97207DB90B0080F385 /* Storyboards.swift */ = {isa = PBXFileReference; fileEncoding = 4; lastKnownFileType = sourcecode.swift; path = Storyboards.swift; sourceTree = "<group>"; };
		93ABBBB9207DB9370080F385 /* AppInformation.swift */ = {isa = PBXFileReference; fileEncoding = 4; lastKnownFileType = sourcecode.swift; path = AppInformation.swift; sourceTree = "<group>"; };
		93ABBBBB207DB9370080F385 /* Array+Extension.swift */ = {isa = PBXFileReference; fileEncoding = 4; lastKnownFileType = sourcecode.swift; path = "Array+Extension.swift"; sourceTree = "<group>"; };
		93ABBBBC207DB9370080F385 /* Data+Extension.swift */ = {isa = PBXFileReference; fileEncoding = 4; lastKnownFileType = sourcecode.swift; path = "Data+Extension.swift"; sourceTree = "<group>"; };
		93ABBBBD207DB9370080F385 /* Date+Extension.swift */ = {isa = PBXFileReference; fileEncoding = 4; lastKnownFileType = sourcecode.swift; path = "Date+Extension.swift"; sourceTree = "<group>"; };
		93ABBBBE207DB9370080F385 /* Dictionary+Extension.swift */ = {isa = PBXFileReference; fileEncoding = 4; lastKnownFileType = sourcecode.swift; path = "Dictionary+Extension.swift"; sourceTree = "<group>"; };
		93ABBBBF207DB9370080F385 /* Float+Extension.swift */ = {isa = PBXFileReference; fileEncoding = 4; lastKnownFileType = sourcecode.swift; path = "Float+Extension.swift"; sourceTree = "<group>"; };
		93ABBBC0207DB9370080F385 /* Int+Extension.swift */ = {isa = PBXFileReference; fileEncoding = 4; lastKnownFileType = sourcecode.swift; path = "Int+Extension.swift"; sourceTree = "<group>"; };
		93ABBBC1207DB9370080F385 /* NSMutableAttributedString+Extension.swift */ = {isa = PBXFileReference; fileEncoding = 4; lastKnownFileType = sourcecode.swift; path = "NSMutableAttributedString+Extension.swift"; sourceTree = "<group>"; };
		93ABBBC2207DB9370080F385 /* Number+Extension.swift */ = {isa = PBXFileReference; fileEncoding = 4; lastKnownFileType = sourcecode.swift; path = "Number+Extension.swift"; sourceTree = "<group>"; };
		93ABBBC3207DB9370080F385 /* String+Extension.swift */ = {isa = PBXFileReference; fileEncoding = 4; lastKnownFileType = sourcecode.swift; path = "String+Extension.swift"; sourceTree = "<group>"; };
		93ABBBC4207DB9370080F385 /* TableView+Util.swift */ = {isa = PBXFileReference; fileEncoding = 4; lastKnownFileType = sourcecode.swift; path = "TableView+Util.swift"; sourceTree = "<group>"; };
		93ABBBC5207DB9370080F385 /* UIButton+Extensions.swift */ = {isa = PBXFileReference; fileEncoding = 4; lastKnownFileType = sourcecode.swift; path = "UIButton+Extensions.swift"; sourceTree = "<group>"; };
		93ABBBC6207DB9370080F385 /* UIColor+Extension.swift */ = {isa = PBXFileReference; fileEncoding = 4; lastKnownFileType = sourcecode.swift; path = "UIColor+Extension.swift"; sourceTree = "<group>"; };
		93ABBBC7207DB9370080F385 /* UIImage+Extension.swift */ = {isa = PBXFileReference; fileEncoding = 4; lastKnownFileType = sourcecode.swift; path = "UIImage+Extension.swift"; sourceTree = "<group>"; };
		93ABBBC8207DB9370080F385 /* UILabel+Extension.swift */ = {isa = PBXFileReference; fileEncoding = 4; lastKnownFileType = sourcecode.swift; path = "UILabel+Extension.swift"; sourceTree = "<group>"; };
		93ABBBC9207DB9370080F385 /* UITextView+Util.swift */ = {isa = PBXFileReference; fileEncoding = 4; lastKnownFileType = sourcecode.swift; path = "UITextView+Util.swift"; sourceTree = "<group>"; };
		93ABBBCA207DB9370080F385 /* UIView+Extension.swift */ = {isa = PBXFileReference; fileEncoding = 4; lastKnownFileType = sourcecode.swift; path = "UIView+Extension.swift"; sourceTree = "<group>"; };
		93ABBBCB207DB9370080F385 /* UIViewController+Extension.swift */ = {isa = PBXFileReference; fileEncoding = 4; lastKnownFileType = sourcecode.swift; path = "UIViewController+Extension.swift"; sourceTree = "<group>"; };
		93ABBBCE207DB9370080F385 /* KVAlertView.swift */ = {isa = PBXFileReference; fileEncoding = 4; lastKnownFileType = sourcecode.swift; path = KVAlertView.swift; sourceTree = "<group>"; };
		93ABBBCF207DB9370080F385 /* KVLoading.swift */ = {isa = PBXFileReference; fileEncoding = 4; lastKnownFileType = sourcecode.swift; path = KVLoading.swift; sourceTree = "<group>"; };
		93ABBBD2207DB9370080F385 /* PhotoManager.swift */ = {isa = PBXFileReference; fileEncoding = 4; lastKnownFileType = sourcecode.swift; path = PhotoManager.swift; sourceTree = "<group>"; };
		93ABBBD8207DB9370080F385 /* VTextView.swift */ = {isa = PBXFileReference; fileEncoding = 4; lastKnownFileType = sourcecode.swift; path = VTextView.swift; sourceTree = "<group>"; };
		93ABBBDA207DB9370080F385 /* VTView.swift */ = {isa = PBXFileReference; fileEncoding = 4; lastKnownFileType = sourcecode.swift; path = VTView.swift; sourceTree = "<group>"; };
		93ABBBDC207DB9370080F385 /* WIFI.swift */ = {isa = PBXFileReference; fileEncoding = 4; lastKnownFileType = sourcecode.swift; path = WIFI.swift; sourceTree = "<group>"; };
		93ABBBF7207DB9510080F385 /* Menu.swift */ = {isa = PBXFileReference; fileEncoding = 4; lastKnownFileType = sourcecode.swift; path = Menu.swift; sourceTree = "<group>"; };
		93ABBBF9207DB9510080F385 /* User.swift */ = {isa = PBXFileReference; fileEncoding = 4; lastKnownFileType = sourcecode.swift; path = User.swift; sourceTree = "<group>"; };
		93ABBBFE207DB9510080F385 /* XuLyDiemXungYeuRouter.swift */ = {isa = PBXFileReference; fileEncoding = 4; lastKnownFileType = sourcecode.swift; path = XuLyDiemXungYeuRouter.swift; sourceTree = "<group>"; };
		93ABBC04207DB9620080F385 /* LoadingView.swift */ = {isa = PBXFileReference; fileEncoding = 4; lastKnownFileType = sourcecode.swift; path = LoadingView.swift; sourceTree = "<group>"; };
		93ABBC05207DB9620080F385 /* LoadingView.xib */ = {isa = PBXFileReference; fileEncoding = 4; lastKnownFileType = file.xib; path = LoadingView.xib; sourceTree = "<group>"; };
		93ABBC09207DB9620080F385 /* DefaultEmptyView.swift */ = {isa = PBXFileReference; fileEncoding = 4; lastKnownFileType = sourcecode.swift; path = DefaultEmptyView.swift; sourceTree = "<group>"; };
		93ABBC0A207DB9620080F385 /* DefaultEmptyView.xib */ = {isa = PBXFileReference; fileEncoding = 4; lastKnownFileType = file.xib; path = DefaultEmptyView.xib; sourceTree = "<group>"; };
		93ABBC0D207DB9620080F385 /* DefaultErrorView.swift */ = {isa = PBXFileReference; fileEncoding = 4; lastKnownFileType = sourcecode.swift; path = DefaultErrorView.swift; sourceTree = "<group>"; };
		93ABBC0E207DB9620080F385 /* DefaultErrorView.xib */ = {isa = PBXFileReference; fileEncoding = 4; lastKnownFileType = file.xib; path = DefaultErrorView.xib; sourceTree = "<group>"; };
		93ABBC11207DB9620080F385 /* DefaultLoadingView.swift */ = {isa = PBXFileReference; fileEncoding = 4; lastKnownFileType = sourcecode.swift; path = DefaultLoadingView.swift; sourceTree = "<group>"; };
		93ABBC12207DB9620080F385 /* DefaultLoadingView.xib */ = {isa = PBXFileReference; fileEncoding = 4; lastKnownFileType = file.xib; path = DefaultLoadingView.xib; sourceTree = "<group>"; };
/* End PBXFileReference section */

/* Begin PBXFrameworksBuildPhase section */
		933C5FCF2062352E002D7BEE /* Frameworks */ = {
			isa = PBXFrameworksBuildPhase;
			buildActionMask = 2147483647;
			files = (
			);
			runOnlyForDeploymentPostprocessing = 0;
		};
		933C5FE32062352E002D7BEE /* Frameworks */ = {
			isa = PBXFrameworksBuildPhase;
			buildActionMask = 2147483647;
			files = (
			);
			runOnlyForDeploymentPostprocessing = 0;
		};
		933C5FEE2062352E002D7BEE /* Frameworks */ = {
			isa = PBXFrameworksBuildPhase;
			buildActionMask = 2147483647;
			files = (
			);
			runOnlyForDeploymentPostprocessing = 0;
		};
/* End PBXFrameworksBuildPhase section */

/* Begin PBXGroup section */
		933C5FC92062352E002D7BEE = {
			isa = PBXGroup;
			children = (
				933C5FD42062352E002D7BEE /* BaseProject */,
				933C5FE92062352E002D7BEE /* BaseProjectTests */,
				933C5FF42062352E002D7BEE /* BaseProjectUITests */,
				933C5FD32062352E002D7BEE /* Products */,
			);
			sourceTree = "<group>";
		};
		933C5FD32062352E002D7BEE /* Products */ = {
			isa = PBXGroup;
			children = (
				933C5FD22062352E002D7BEE /* BaseProject.app */,
				933C5FE62062352E002D7BEE /* BaseProjectTests.xctest */,
				933C5FF12062352E002D7BEE /* BaseProjectUITests.xctest */,
			);
			name = Products;
			sourceTree = "<group>";
		};
		933C5FD42062352E002D7BEE /* BaseProject */ = {
			isa = PBXGroup;
			children = (
				93ABBB68207DB9020080F385 /* Libs */,
				93ABBB7E207DB90B0080F385 /* Base */,
				93ABBBA7207DB9160080F385 /* Controllers */,
				93ABBBF5207DB9510080F385 /* Models */,
				93ABBBB7207DB9370080F385 /* Utils */,
				93ABBC02207DB9620080F385 /* Views */,
				93ABBC1C207DB9800080F385 /* Resources */,
				933C5FD52062352E002D7BEE /* AppDelegate.swift */,
				933C5FD72062352E002D7BEE /* ViewController.swift */,
				933C5FD92062352E002D7BEE /* Main.storyboard */,
				933C5FDC2062352E002D7BEE /* Assets.xcassets */,
				933C5FDE2062352E002D7BEE /* LaunchScreen.storyboard */,
				933C5FE12062352E002D7BEE /* Info.plist */,
			);
			path = BaseProject;
			sourceTree = "<group>";
		};
		933C5FE92062352E002D7BEE /* BaseProjectTests */ = {
			isa = PBXGroup;
			children = (
				933C5FEA2062352E002D7BEE /* BaseProjectTests.swift */,
				933C5FEC2062352E002D7BEE /* Info.plist */,
			);
			path = BaseProjectTests;
			sourceTree = "<group>";
		};
		933C5FF42062352E002D7BEE /* BaseProjectUITests */ = {
			isa = PBXGroup;
			children = (
				933C5FF52062352E002D7BEE /* BaseProjectUITests.swift */,
				933C5FF72062352E002D7BEE /* Info.plist */,
			);
			path = BaseProjectUITests;
			sourceTree = "<group>";
		};
		93ABBB68207DB9020080F385 /* Libs */ = {
			isa = PBXGroup;
			children = (
				93ABBB69207DB9020080F385 /* DropDown */,
			);
			path = Libs;
			sourceTree = "<group>";
		};
		93ABBB69207DB9020080F385 /* DropDown */ = {
			isa = PBXGroup;
			children = (
				93ABBB6A207DB9020080F385 /* DropDown.h */,
				93ABBB6B207DB9020080F385 /* helpers */,
				93ABBB6F207DB9020080F385 /* Info.plist */,
				93ABBB70207DB9020080F385 /* resources */,
				93ABBB72207DB9020080F385 /* src */,
			);
			path = DropDown;
			sourceTree = "<group>";
		};
		93ABBB6B207DB9020080F385 /* helpers */ = {
			isa = PBXGroup;
			children = (
				93ABBB6C207DB9020080F385 /* DPDConstants.swift */,
				93ABBB6D207DB9020080F385 /* DPDKeyboardListener.swift */,
				93ABBB6E207DB9020080F385 /* DPDUIView+Extension.swift */,
			);
			path = helpers;
			sourceTree = "<group>";
		};
		93ABBB70207DB9020080F385 /* resources */ = {
			isa = PBXGroup;
			children = (
				93ABBB71207DB9020080F385 /* DropDownCell.xib */,
			);
			path = resources;
			sourceTree = "<group>";
		};
		93ABBB72207DB9020080F385 /* src */ = {
			isa = PBXGroup;
			children = (
				93ABBB73207DB9020080F385 /* DropDown+Appearance.swift */,
				93ABBB74207DB9020080F385 /* DropDown.swift */,
				93ABBB75207DB9020080F385 /* DropDownCell.swift */,
			);
			path = src;
			sourceTree = "<group>";
		};
		93ABBB7E207DB90B0080F385 /* Base */ = {
			isa = PBXGroup;
			children = (
				93ABBB7F207DB90B0080F385 /* BaseCollectionViewCell */,
				93ABBB81207DB90B0080F385 /* BaseNavigationController */,
				93ABBB83207DB90B0080F385 /* BaseNetwork */,
				93ABBB87207DB90B0080F385 /* BaseQueryCollectionViewController */,
				93ABBB89207DB90B0080F385 /* BaseQueryTableViewController */,
				93ABBB8B207DB90B0080F385 /* BaseTabBarController */,
				93ABBB8D207DB90B0080F385 /* BaseTableViewCell */,
				93ABBB8F207DB90B0080F385 /* BaseTableViewHeaderFooterView */,
				93ABBB91207DB90B0080F385 /* BaseViewController */,
				93ABBB94207DB90B0080F385 /* Define */,
			);
			path = Base;
			sourceTree = "<group>";
		};
		93ABBB7F207DB90B0080F385 /* BaseCollectionViewCell */ = {
			isa = PBXGroup;
			children = (
				93ABBB80207DB90B0080F385 /* BaseCollectionViewCell.swift */,
			);
			path = BaseCollectionViewCell;
			sourceTree = "<group>";
		};
		93ABBB81207DB90B0080F385 /* BaseNavigationController */ = {
			isa = PBXGroup;
			children = (
				93ABBB82207DB90B0080F385 /* BaseNavigationController.swift */,
			);
			path = BaseNavigationController;
			sourceTree = "<group>";
		};
		93ABBB83207DB90B0080F385 /* BaseNetwork */ = {
			isa = PBXGroup;
			children = (
				93ABBB84207DB90B0080F385 /* BaseDataModel.swift */,
				93ABBB85207DB90B0080F385 /* BaseRouter.swift */,
				93ABBB86207DB90B0080F385 /* SwiftyJSONMappable.swift */,
			);
			path = BaseNetwork;
			sourceTree = "<group>";
		};
		93ABBB87207DB90B0080F385 /* BaseQueryCollectionViewController */ = {
			isa = PBXGroup;
			children = (
				93ABBB88207DB90B0080F385 /* BaseQueryCollectionViewController.swift */,
			);
			path = BaseQueryCollectionViewController;
			sourceTree = "<group>";
		};
		93ABBB89207DB90B0080F385 /* BaseQueryTableViewController */ = {
			isa = PBXGroup;
			children = (
				93ABBB8A207DB90B0080F385 /* BaseQueryTableViewController.swift */,
			);
			path = BaseQueryTableViewController;
			sourceTree = "<group>";
		};
		93ABBB8B207DB90B0080F385 /* BaseTabBarController */ = {
			isa = PBXGroup;
			children = (
				93ABBB8C207DB90B0080F385 /* BaseTabBarController.swift */,
			);
			path = BaseTabBarController;
			sourceTree = "<group>";
		};
		93ABBB8D207DB90B0080F385 /* BaseTableViewCell */ = {
			isa = PBXGroup;
			children = (
				93ABBB8E207DB90B0080F385 /* BaseTableViewCell.swift */,
			);
			path = BaseTableViewCell;
			sourceTree = "<group>";
		};
		93ABBB8F207DB90B0080F385 /* BaseTableViewHeaderFooterView */ = {
			isa = PBXGroup;
			children = (
				93ABBB90207DB90B0080F385 /* BaseTableViewHeaderFooterView.swift */,
			);
			path = BaseTableViewHeaderFooterView;
			sourceTree = "<group>";
		};
		93ABBB91207DB90B0080F385 /* BaseViewController */ = {
			isa = PBXGroup;
			children = (
				93ABBB92207DB90B0080F385 /* BaseInputViewController.swift */,
				93ABBB93207DB90B0080F385 /* BaseViewController.swift */,
			);
			path = BaseViewController;
			sourceTree = "<group>";
		};
		93ABBB94207DB90B0080F385 /* Define */ = {
			isa = PBXGroup;
			children = (
				93ABBB95207DB90B0080F385 /* Constant.swift */,
				93ABBB96207DB90B0080F385 /* Enums.swift */,
				93ABBB97207DB90B0080F385 /* Storyboards.swift */,
			);
			path = Define;
			sourceTree = "<group>";
		};
		93ABBBA7207DB9160080F385 /* Controllers */ = {
			isa = PBXGroup;
			children = (
			);
			path = Controllers;
			sourceTree = "<group>";
		};
		93ABBBB7207DB9370080F385 /* Utils */ = {
			isa = PBXGroup;
			children = (
				93ABBBB8207DB9370080F385 /* AppInformation */,
				93ABBBBA207DB9370080F385 /* Extensions */,
				93ABBBCC207DB9370080F385 /* Helpers */,
				93ABBBCD207DB9370080F385 /* KVAlertView */,
				93ABBBD0207DB9370080F385 /* Managers */,
				93ABBBD1207DB9370080F385 /* PhotoManager */,
				93ABBBD3207DB9370080F385 /* Protocols */,
				93ABBBD4207DB9370080F385 /* VersionInformationViewController */,
				93ABBBD5207DB9370080F385 /* VLocation */,
				93ABBBD6207DB9370080F385 /* VSkyFloatingLabelTextField */,
				93ABBBD7207DB9370080F385 /* VTextView */,
				93ABBBD9207DB9370080F385 /* VTView */,
				93ABBBDB207DB9370080F385 /* WIFI */,
			);
			path = Utils;
			sourceTree = "<group>";
		};
		93ABBBB8207DB9370080F385 /* AppInformation */ = {
			isa = PBXGroup;
			children = (
				93ABBBB9207DB9370080F385 /* AppInformation.swift */,
			);
			path = AppInformation;
			sourceTree = "<group>";
		};
		93ABBBBA207DB9370080F385 /* Extensions */ = {
			isa = PBXGroup;
			children = (
				93ABBBBB207DB9370080F385 /* Array+Extension.swift */,
				93ABBBBC207DB9370080F385 /* Data+Extension.swift */,
				93ABBBBD207DB9370080F385 /* Date+Extension.swift */,
				93ABBBBE207DB9370080F385 /* Dictionary+Extension.swift */,
				93ABBBBF207DB9370080F385 /* Float+Extension.swift */,
				93ABBBC0207DB9370080F385 /* Int+Extension.swift */,
				93ABBBC1207DB9370080F385 /* NSMutableAttributedString+Extension.swift */,
				93ABBBC2207DB9370080F385 /* Number+Extension.swift */,
				93ABBBC3207DB9370080F385 /* String+Extension.swift */,
				93ABBBC4207DB9370080F385 /* TableView+Util.swift */,
				93ABBBC5207DB9370080F385 /* UIButton+Extensions.swift */,
				93ABBBC6207DB9370080F385 /* UIColor+Extension.swift */,
				93ABBBC7207DB9370080F385 /* UIImage+Extension.swift */,
				93ABBBC8207DB9370080F385 /* UILabel+Extension.swift */,
				93ABBBC9207DB9370080F385 /* UITextView+Util.swift */,
				93ABBBCA207DB9370080F385 /* UIView+Extension.swift */,
				93ABBBCB207DB9370080F385 /* UIViewController+Extension.swift */,
			);
			path = Extensions;
			sourceTree = "<group>";
		};
		93ABBBCC207DB9370080F385 /* Helpers */ = {
			isa = PBXGroup;
			children = (
			);
			path = Helpers;
			sourceTree = "<group>";
		};
		93ABBBCD207DB9370080F385 /* KVAlertView */ = {
			isa = PBXGroup;
			children = (
				93ABBBCE207DB9370080F385 /* KVAlertView.swift */,
				93ABBBCF207DB9370080F385 /* KVLoading.swift */,
			);
			path = KVAlertView;
			sourceTree = "<group>";
		};
		93ABBBD0207DB9370080F385 /* Managers */ = {
			isa = PBXGroup;
			children = (
			);
			path = Managers;
			sourceTree = "<group>";
		};
		93ABBBD1207DB9370080F385 /* PhotoManager */ = {
			isa = PBXGroup;
			children = (
				93ABBBD2207DB9370080F385 /* PhotoManager.swift */,
			);
			path = PhotoManager;
			sourceTree = "<group>";
		};
		93ABBBD3207DB9370080F385 /* Protocols */ = {
			isa = PBXGroup;
			children = (
			);
			path = Protocols;
			sourceTree = "<group>";
		};
		93ABBBD4207DB9370080F385 /* VersionInformationViewController */ = {
			isa = PBXGroup;
			children = (
			);
			path = VersionInformationViewController;
			sourceTree = "<group>";
		};
		93ABBBD5207DB9370080F385 /* VLocation */ = {
			isa = PBXGroup;
			children = (
			);
			path = VLocation;
			sourceTree = "<group>";
		};
		93ABBBD6207DB9370080F385 /* VSkyFloatingLabelTextField */ = {
			isa = PBXGroup;
			children = (
			);
			path = VSkyFloatingLabelTextField;
			sourceTree = "<group>";
		};
		93ABBBD7207DB9370080F385 /* VTextView */ = {
			isa = PBXGroup;
			children = (
				93ABBBD8207DB9370080F385 /* VTextView.swift */,
			);
			path = VTextView;
			sourceTree = "<group>";
		};
		93ABBBD9207DB9370080F385 /* VTView */ = {
			isa = PBXGroup;
			children = (
				93ABBBDA207DB9370080F385 /* VTView.swift */,
			);
			path = VTView;
			sourceTree = "<group>";
		};
		93ABBBDB207DB9370080F385 /* WIFI */ = {
			isa = PBXGroup;
			children = (
				93ABBBDC207DB9370080F385 /* WIFI.swift */,
			);
			path = WIFI;
			sourceTree = "<group>";
		};
		93ABBBF5207DB9510080F385 /* Models */ = {
			isa = PBXGroup;
			children = (
				93ABBBF6207DB9510080F385 /* DataModels */,
				93ABBBFB207DB9510080F385 /* Routers */,
			);
			path = Models;
			sourceTree = "<group>";
		};
		93ABBBF6207DB9510080F385 /* DataModels */ = {
			isa = PBXGroup;
			children = (
				93ABBBF7207DB9510080F385 /* Menu.swift */,
				93ABBBF8207DB9510080F385 /* Resourses */,
				93ABBBF9207DB9510080F385 /* User.swift */,
				93ABBBFA207DB9510080F385 /* Utility */,
			);
			path = DataModels;
			sourceTree = "<group>";
		};
		93ABBBF8207DB9510080F385 /* Resourses */ = {
			isa = PBXGroup;
			children = (
			);
			path = Resourses;
			sourceTree = "<group>";
		};
		93ABBBFA207DB9510080F385 /* Utility */ = {
			isa = PBXGroup;
			children = (
			);
			path = Utility;
			sourceTree = "<group>";
		};
		93ABBBFB207DB9510080F385 /* Routers */ = {
			isa = PBXGroup;
			children = (
				93ABBBFC207DB9510080F385 /* Resources */,
				93ABBBFD207DB9510080F385 /* Utility */,
				93ABBBFE207DB9510080F385 /* XuLyDiemXungYeuRouter.swift */,
			);
			path = Routers;
			sourceTree = "<group>";
		};
		93ABBBFC207DB9510080F385 /* Resources */ = {
			isa = PBXGroup;
			children = (
			);
			path = Resources;
			sourceTree = "<group>";
		};
		93ABBBFD207DB9510080F385 /* Utility */ = {
			isa = PBXGroup;
			children = (
			);
			path = Utility;
			sourceTree = "<group>";
		};
		93ABBC02207DB9620080F385 /* Views */ = {
			isa = PBXGroup;
			children = (
				93ABBC03207DB9620080F385 /* LoadingView */,
				93ABBC06207DB9620080F385 /* StateViews */,
			);
			path = Views;
			sourceTree = "<group>";
		};
		93ABBC03207DB9620080F385 /* LoadingView */ = {
			isa = PBXGroup;
			children = (
				93ABBC04207DB9620080F385 /* LoadingView.swift */,
				93ABBC05207DB9620080F385 /* LoadingView.xib */,
			);
			path = LoadingView;
			sourceTree = "<group>";
		};
		93ABBC06207DB9620080F385 /* StateViews */ = {
			isa = PBXGroup;
			children = (
				93ABBC07207DB9620080F385 /* EmptyView */,
				93ABBC0B207DB9620080F385 /* ErrorView */,
				93ABBC0F207DB9620080F385 /* LoadingView */,
			);
			path = StateViews;
			sourceTree = "<group>";
		};
		93ABBC07207DB9620080F385 /* EmptyView */ = {
			isa = PBXGroup;
			children = (
				93ABBC08207DB9620080F385 /* DefaultEmptyView */,
			);
			path = EmptyView;
			sourceTree = "<group>";
		};
		93ABBC08207DB9620080F385 /* DefaultEmptyView */ = {
			isa = PBXGroup;
			children = (
				93ABBC09207DB9620080F385 /* DefaultEmptyView.swift */,
				93ABBC0A207DB9620080F385 /* DefaultEmptyView.xib */,
			);
			path = DefaultEmptyView;
			sourceTree = "<group>";
		};
		93ABBC0B207DB9620080F385 /* ErrorView */ = {
			isa = PBXGroup;
			children = (
				93ABBC0C207DB9620080F385 /* DefaultErrorView */,
			);
			path = ErrorView;
			sourceTree = "<group>";
		};
		93ABBC0C207DB9620080F385 /* DefaultErrorView */ = {
			isa = PBXGroup;
			children = (
				93ABBC0D207DB9620080F385 /* DefaultErrorView.swift */,
				93ABBC0E207DB9620080F385 /* DefaultErrorView.xib */,
			);
			path = DefaultErrorView;
			sourceTree = "<group>";
		};
		93ABBC0F207DB9620080F385 /* LoadingView */ = {
			isa = PBXGroup;
			children = (
				93ABBC10207DB9620080F385 /* DefaultLoadingView */,
			);
			path = LoadingView;
			sourceTree = "<group>";
		};
		93ABBC10207DB9620080F385 /* DefaultLoadingView */ = {
			isa = PBXGroup;
			children = (
				93ABBC11207DB9620080F385 /* DefaultLoadingView.swift */,
				93ABBC12207DB9620080F385 /* DefaultLoadingView.xib */,
			);
			path = DefaultLoadingView;
			sourceTree = "<group>";
		};
		93ABBC1C207DB9800080F385 /* Resources */ = {
			isa = PBXGroup;
			children = (
			);
			path = Resources;
			sourceTree = "<group>";
		};
/* End PBXGroup section */

/* Begin PBXNativeTarget section */
		933C5FD12062352E002D7BEE /* BaseProject */ = {
			isa = PBXNativeTarget;
			buildConfigurationList = 933C5FFA2062352E002D7BEE /* Build configuration list for PBXNativeTarget "BaseProject" */;
			buildPhases = (
				933C5FCE2062352E002D7BEE /* Sources */,
				933C5FCF2062352E002D7BEE /* Frameworks */,
				933C5FD02062352E002D7BEE /* Resources */,
			);
			buildRules = (
			);
			dependencies = (
			);
			name = BaseProject;
			productName = BaseProject;
			productReference = 933C5FD22062352E002D7BEE /* BaseProject.app */;
			productType = "com.apple.product-type.application";
		};
		933C5FE52062352E002D7BEE /* BaseProjectTests */ = {
			isa = PBXNativeTarget;
			buildConfigurationList = 933C5FFD2062352E002D7BEE /* Build configuration list for PBXNativeTarget "BaseProjectTests" */;
			buildPhases = (
				933C5FE22062352E002D7BEE /* Sources */,
				933C5FE32062352E002D7BEE /* Frameworks */,
				933C5FE42062352E002D7BEE /* Resources */,
			);
			buildRules = (
			);
			dependencies = (
				933C5FE82062352E002D7BEE /* PBXTargetDependency */,
			);
			name = BaseProjectTests;
			productName = BaseProjectTests;
			productReference = 933C5FE62062352E002D7BEE /* BaseProjectTests.xctest */;
			productType = "com.apple.product-type.bundle.unit-test";
		};
		933C5FF02062352E002D7BEE /* BaseProjectUITests */ = {
			isa = PBXNativeTarget;
			buildConfigurationList = 933C60002062352E002D7BEE /* Build configuration list for PBXNativeTarget "BaseProjectUITests" */;
			buildPhases = (
				933C5FED2062352E002D7BEE /* Sources */,
				933C5FEE2062352E002D7BEE /* Frameworks */,
				933C5FEF2062352E002D7BEE /* Resources */,
			);
			buildRules = (
			);
			dependencies = (
				933C5FF32062352E002D7BEE /* PBXTargetDependency */,
			);
			name = BaseProjectUITests;
			productName = BaseProjectUITests;
			productReference = 933C5FF12062352E002D7BEE /* BaseProjectUITests.xctest */;
			productType = "com.apple.product-type.bundle.ui-testing";
		};
/* End PBXNativeTarget section */

/* Begin PBXProject section */
		933C5FCA2062352E002D7BEE /* Project object */ = {
			isa = PBXProject;
			attributes = {
				LastSwiftUpdateCheck = 0910;
				LastUpgradeCheck = 0910;
				ORGANIZATIONNAME = tea;
				TargetAttributes = {
					933C5FD12062352E002D7BEE = {
						CreatedOnToolsVersion = 9.1;
						ProvisioningStyle = Automatic;
					};
					933C5FE52062352E002D7BEE = {
						CreatedOnToolsVersion = 9.1;
						ProvisioningStyle = Automatic;
						TestTargetID = 933C5FD12062352E002D7BEE;
					};
					933C5FF02062352E002D7BEE = {
						CreatedOnToolsVersion = 9.1;
						ProvisioningStyle = Automatic;
						TestTargetID = 933C5FD12062352E002D7BEE;
					};
				};
			};
			buildConfigurationList = 933C5FCD2062352E002D7BEE /* Build configuration list for PBXProject "BaseProject" */;
			compatibilityVersion = "Xcode 8.0";
			developmentRegion = en;
			hasScannedForEncodings = 0;
			knownRegions = (
				en,
				Base,
			);
			mainGroup = 933C5FC92062352E002D7BEE;
			productRefGroup = 933C5FD32062352E002D7BEE /* Products */;
			projectDirPath = "";
			projectRoot = "";
			targets = (
				933C5FD12062352E002D7BEE /* BaseProject */,
				933C5FE52062352E002D7BEE /* BaseProjectTests */,
				933C5FF02062352E002D7BEE /* BaseProjectUITests */,
			);
		};
/* End PBXProject section */

/* Begin PBXResourcesBuildPhase section */
		933C5FD02062352E002D7BEE /* Resources */ = {
			isa = PBXResourcesBuildPhase;
			buildActionMask = 2147483647;
			files = (
				93ABBB79207DB9020080F385 /* Info.plist in Resources */,
				93ABBC16207DB9620080F385 /* DefaultEmptyView.xib in Resources */,
				933C5FE02062352E002D7BEE /* LaunchScreen.storyboard in Resources */,
				933C5FDD2062352E002D7BEE /* Assets.xcassets in Resources */,
				93ABBC14207DB9620080F385 /* LoadingView.xib in Resources */,
				93ABBB7A207DB9020080F385 /* DropDownCell.xib in Resources */,
				933C5FDB2062352E002D7BEE /* Main.storyboard in Resources */,
				93ABBC1A207DB9620080F385 /* DefaultLoadingView.xib in Resources */,
				93ABBC18207DB9620080F385 /* DefaultErrorView.xib in Resources */,
			);
			runOnlyForDeploymentPostprocessing = 0;
		};
		933C5FE42062352E002D7BEE /* Resources */ = {
			isa = PBXResourcesBuildPhase;
			buildActionMask = 2147483647;
			files = (
			);
			runOnlyForDeploymentPostprocessing = 0;
		};
		933C5FEF2062352E002D7BEE /* Resources */ = {
			isa = PBXResourcesBuildPhase;
			buildActionMask = 2147483647;
			files = (
			);
			runOnlyForDeploymentPostprocessing = 0;
		};
/* End PBXResourcesBuildPhase section */

/* Begin PBXSourcesBuildPhase section */
		933C5FCE2062352E002D7BEE /* Sources */ = {
			isa = PBXSourcesBuildPhase;
			buildActionMask = 2147483647;
			files = (
				93ABBBF2207DB9370080F385 /* VTextView.swift in Sources */,
				93ABBB9F207DB90B0080F385 /* BaseTabBarController.swift in Sources */,
				93ABBBEB207DB9370080F385 /* UILabel+Extension.swift in Sources */,
				93ABBB76207DB9020080F385 /* DPDConstants.swift in Sources */,
				93ABBBA6207DB90B0080F385 /* Storyboards.swift in Sources */,
				93ABBBDD207DB9370080F385 /* AppInformation.swift in Sources */,
				93ABBBE0207DB9370080F385 /* Date+Extension.swift in Sources */,
				93ABBBE5207DB9370080F385 /* Number+Extension.swift in Sources */,
				93ABBBED207DB9370080F385 /* UIView+Extension.swift in Sources */,
				933C5FD82062352E002D7BEE /* ViewController.swift in Sources */,
				93ABBB98207DB90B0080F385 /* BaseCollectionViewCell.swift in Sources */,
				93ABBBDF207DB9370080F385 /* Data+Extension.swift in Sources */,
				93ABBBF3207DB9370080F385 /* VTView.swift in Sources */,
				93ABBBEE207DB9370080F385 /* UIViewController+Extension.swift in Sources */,
				93ABBBE1207DB9370080F385 /* Dictionary+Extension.swift in Sources */,
				93ABBBE7207DB9370080F385 /* TableView+Util.swift in Sources */,
				93ABBC17207DB9620080F385 /* DefaultErrorView.swift in Sources */,
				93ABBB7D207DB9020080F385 /* DropDownCell.swift in Sources */,
				93ABBBA3207DB90B0080F385 /* BaseViewController.swift in Sources */,
				93ABBBE4207DB9370080F385 /* NSMutableAttributedString+Extension.swift in Sources */,
				93ABBBA1207DB90B0080F385 /* BaseTableViewHeaderFooterView.swift in Sources */,
				93ABBB7B207DB9020080F385 /* DropDown+Appearance.swift in Sources */,
				93ABBBE2207DB9370080F385 /* Float+Extension.swift in Sources */,
				93ABBBF0207DB9370080F385 /* KVLoading.swift in Sources */,
				93ABBBDE207DB9370080F385 /* Array+Extension.swift in Sources */,
				93ABBC19207DB9620080F385 /* DefaultLoadingView.swift in Sources */,
				93ABBBE8207DB9370080F385 /* UIButton+Extensions.swift in Sources */,
				933C5FD62062352E002D7BEE /* AppDelegate.swift in Sources */,
				93ABBB77207DB9020080F385 /* DPDKeyboardListener.swift in Sources */,
				93ABBBA5207DB90B0080F385 /* Enums.swift in Sources */,
				93ABBBA2207DB90B0080F385 /* BaseInputViewController.swift in Sources */,
				93ABBB9B207DB90B0080F385 /* BaseRouter.swift in Sources */,
				93ABBBEC207DB9370080F385 /* UITextView+Util.swift in Sources */,
				93ABBB9E207DB90B0080F385 /* BaseQueryTableViewController.swift in Sources */,
				93ABBC15207DB9620080F385 /* DefaultEmptyView.swift in Sources */,
				93ABBBEA207DB9370080F385 /* UIImage+Extension.swift in Sources */,
				93ABBBEF207DB9370080F385 /* KVAlertView.swift in Sources */,
				93ABBB9D207DB90B0080F385 /* BaseQueryCollectionViewController.swift in Sources */,
				93ABBC01207DB9510080F385 /* XuLyDiemXungYeuRouter.swift in Sources */,
				93ABBBF1207DB9370080F385 /* PhotoManager.swift in Sources */,
				93ABBBA4207DB90B0080F385 /* Constant.swift in Sources */,
				93ABBC13207DB9620080F385 /* LoadingView.swift in Sources */,
				93ABBB7C207DB9020080F385 /* DropDown.swift in Sources */,
				93ABBBE6207DB9370080F385 /* String+Extension.swift in Sources */,
				93ABBBF4207DB9370080F385 /* WIFI.swift in Sources */,
				93ABBBE3207DB9370080F385 /* Int+Extension.swift in Sources */,
				93ABBC00207DB9510080F385 /* User.swift in Sources */,
				93ABBBA0207DB90B0080F385 /* BaseTableViewCell.swift in Sources */,
				93ABBBFF207DB9510080F385 /* Menu.swift in Sources */,
				93ABBB99207DB90B0080F385 /* BaseNavigationController.swift in Sources */,
				93ABBB9A207DB90B0080F385 /* BaseDataModel.swift in Sources */,
				93ABBBE9207DB9370080F385 /* UIColor+Extension.swift in Sources */,
				93ABBB9C207DB90B0080F385 /* SwiftyJSONMappable.swift in Sources */,
				93ABBB78207DB9020080F385 /* DPDUIView+Extension.swift in Sources */,
			);
			runOnlyForDeploymentPostprocessing = 0;
		};
		933C5FE22062352E002D7BEE /* Sources */ = {
			isa = PBXSourcesBuildPhase;
			buildActionMask = 2147483647;
			files = (
				933C5FEB2062352E002D7BEE /* BaseProjectTests.swift in Sources */,
			);
			runOnlyForDeploymentPostprocessing = 0;
		};
		933C5FED2062352E002D7BEE /* Sources */ = {
			isa = PBXSourcesBuildPhase;
			buildActionMask = 2147483647;
			files = (
				933C5FF62062352E002D7BEE /* BaseProjectUITests.swift in Sources */,
			);
			runOnlyForDeploymentPostprocessing = 0;
		};
/* End PBXSourcesBuildPhase section */

/* Begin PBXTargetDependency section */
		933C5FE82062352E002D7BEE /* PBXTargetDependency */ = {
			isa = PBXTargetDependency;
			target = 933C5FD12062352E002D7BEE /* BaseProject */;
			targetProxy = 933C5FE72062352E002D7BEE /* PBXContainerItemProxy */;
		};
		933C5FF32062352E002D7BEE /* PBXTargetDependency */ = {
			isa = PBXTargetDependency;
			target = 933C5FD12062352E002D7BEE /* BaseProject */;
			targetProxy = 933C5FF22062352E002D7BEE /* PBXContainerItemProxy */;
		};
/* End PBXTargetDependency section */

/* Begin PBXVariantGroup section */
		933C5FD92062352E002D7BEE /* Main.storyboard */ = {
			isa = PBXVariantGroup;
			children = (
				933C5FDA2062352E002D7BEE /* Base */,
			);
			name = Main.storyboard;
			sourceTree = "<group>";
		};
		933C5FDE2062352E002D7BEE /* LaunchScreen.storyboard */ = {
			isa = PBXVariantGroup;
			children = (
				933C5FDF2062352E002D7BEE /* Base */,
			);
			name = LaunchScreen.storyboard;
			sourceTree = "<group>";
		};
/* End PBXVariantGroup section */

/* Begin XCBuildConfiguration section */
		933C5FF82062352E002D7BEE /* Debug */ = {
			isa = XCBuildConfiguration;
			buildSettings = {
				ALWAYS_SEARCH_USER_PATHS = NO;
				CLANG_ANALYZER_NONNULL = YES;
				CLANG_ANALYZER_NUMBER_OBJECT_CONVERSION = YES_AGGRESSIVE;
				CLANG_CXX_LANGUAGE_STANDARD = "gnu++14";
				CLANG_CXX_LIBRARY = "libc++";
				CLANG_ENABLE_MODULES = YES;
				CLANG_ENABLE_OBJC_ARC = YES;
				CLANG_WARN_BLOCK_CAPTURE_AUTORELEASING = YES;
				CLANG_WARN_BOOL_CONVERSION = YES;
				CLANG_WARN_COMMA = YES;
				CLANG_WARN_CONSTANT_CONVERSION = YES;
				CLANG_WARN_DIRECT_OBJC_ISA_USAGE = YES_ERROR;
				CLANG_WARN_DOCUMENTATION_COMMENTS = YES;
				CLANG_WARN_EMPTY_BODY = YES;
				CLANG_WARN_ENUM_CONVERSION = YES;
				CLANG_WARN_INFINITE_RECURSION = YES;
				CLANG_WARN_INT_CONVERSION = YES;
				CLANG_WARN_NON_LITERAL_NULL_CONVERSION = YES;
				CLANG_WARN_OBJC_LITERAL_CONVERSION = YES;
				CLANG_WARN_OBJC_ROOT_CLASS = YES_ERROR;
				CLANG_WARN_RANGE_LOOP_ANALYSIS = YES;
				CLANG_WARN_STRICT_PROTOTYPES = YES;
				CLANG_WARN_SUSPICIOUS_MOVE = YES;
				CLANG_WARN_UNGUARDED_AVAILABILITY = YES_AGGRESSIVE;
				CLANG_WARN_UNREACHABLE_CODE = YES;
				CLANG_WARN__DUPLICATE_METHOD_MATCH = YES;
				CODE_SIGN_IDENTITY = "iPhone Developer";
				COPY_PHASE_STRIP = NO;
				DEBUG_INFORMATION_FORMAT = dwarf;
				ENABLE_STRICT_OBJC_MSGSEND = YES;
				ENABLE_TESTABILITY = YES;
				GCC_C_LANGUAGE_STANDARD = gnu11;
				GCC_DYNAMIC_NO_PIC = NO;
				GCC_NO_COMMON_BLOCKS = YES;
				GCC_OPTIMIZATION_LEVEL = 0;
				GCC_PREPROCESSOR_DEFINITIONS = (
					"DEBUG=1",
					"$(inherited)",
				);
				GCC_WARN_64_TO_32_BIT_CONVERSION = YES;
				GCC_WARN_ABOUT_RETURN_TYPE = YES_ERROR;
				GCC_WARN_UNDECLARED_SELECTOR = YES;
				GCC_WARN_UNINITIALIZED_AUTOS = YES_AGGRESSIVE;
				GCC_WARN_UNUSED_FUNCTION = YES;
				GCC_WARN_UNUSED_VARIABLE = YES;
				IPHONEOS_DEPLOYMENT_TARGET = 11.1;
				MTL_ENABLE_DEBUG_INFO = YES;
				ONLY_ACTIVE_ARCH = YES;
				SDKROOT = iphoneos;
				SWIFT_ACTIVE_COMPILATION_CONDITIONS = DEBUG;
				SWIFT_OPTIMIZATION_LEVEL = "-Onone";
			};
			name = Debug;
		};
		933C5FF92062352E002D7BEE /* Release */ = {
			isa = XCBuildConfiguration;
			buildSettings = {
				ALWAYS_SEARCH_USER_PATHS = NO;
				CLANG_ANALYZER_NONNULL = YES;
				CLANG_ANALYZER_NUMBER_OBJECT_CONVERSION = YES_AGGRESSIVE;
				CLANG_CXX_LANGUAGE_STANDARD = "gnu++14";
				CLANG_CXX_LIBRARY = "libc++";
				CLANG_ENABLE_MODULES = YES;
				CLANG_ENABLE_OBJC_ARC = YES;
				CLANG_WARN_BLOCK_CAPTURE_AUTORELEASING = YES;
				CLANG_WARN_BOOL_CONVERSION = YES;
				CLANG_WARN_COMMA = YES;
				CLANG_WARN_CONSTANT_CONVERSION = YES;
				CLANG_WARN_DIRECT_OBJC_ISA_USAGE = YES_ERROR;
				CLANG_WARN_DOCUMENTATION_COMMENTS = YES;
				CLANG_WARN_EMPTY_BODY = YES;
				CLANG_WARN_ENUM_CONVERSION = YES;
				CLANG_WARN_INFINITE_RECURSION = YES;
				CLANG_WARN_INT_CONVERSION = YES;
				CLANG_WARN_NON_LITERAL_NULL_CONVERSION = YES;
				CLANG_WARN_OBJC_LITERAL_CONVERSION = YES;
				CLANG_WARN_OBJC_ROOT_CLASS = YES_ERROR;
				CLANG_WARN_RANGE_LOOP_ANALYSIS = YES;
				CLANG_WARN_STRICT_PROTOTYPES = YES;
				CLANG_WARN_SUSPICIOUS_MOVE = YES;
				CLANG_WARN_UNGUARDED_AVAILABILITY = YES_AGGRESSIVE;
				CLANG_WARN_UNREACHABLE_CODE = YES;
				CLANG_WARN__DUPLICATE_METHOD_MATCH = YES;
				CODE_SIGN_IDENTITY = "iPhone Developer";
				COPY_PHASE_STRIP = NO;
				DEBUG_INFORMATION_FORMAT = "dwarf-with-dsym";
				ENABLE_NS_ASSERTIONS = NO;
				ENABLE_STRICT_OBJC_MSGSEND = YES;
				GCC_C_LANGUAGE_STANDARD = gnu11;
				GCC_NO_COMMON_BLOCKS = YES;
				GCC_WARN_64_TO_32_BIT_CONVERSION = YES;
				GCC_WARN_ABOUT_RETURN_TYPE = YES_ERROR;
				GCC_WARN_UNDECLARED_SELECTOR = YES;
				GCC_WARN_UNINITIALIZED_AUTOS = YES_AGGRESSIVE;
				GCC_WARN_UNUSED_FUNCTION = YES;
				GCC_WARN_UNUSED_VARIABLE = YES;
				IPHONEOS_DEPLOYMENT_TARGET = 11.1;
				MTL_ENABLE_DEBUG_INFO = NO;
				SDKROOT = iphoneos;
				SWIFT_OPTIMIZATION_LEVEL = "-Owholemodule";
				VALIDATE_PRODUCT = YES;
			};
			name = Release;
		};
		933C5FFB2062352E002D7BEE /* Debug */ = {
			isa = XCBuildConfiguration;
			buildSettings = {
				ASSETCATALOG_COMPILER_APPICON_NAME = AppIcon;
				CODE_SIGN_STYLE = Automatic;
				INFOPLIST_FILE = BaseProject/Info.plist;
				LD_RUNPATH_SEARCH_PATHS = "$(inherited) @executable_path/Frameworks";
				PRODUCT_BUNDLE_IDENTIFIER = tea.BaseProject;
				PRODUCT_NAME = "$(TARGET_NAME)";
				SWIFT_VERSION = 4.0;
				TARGETED_DEVICE_FAMILY = "1,2";
			};
			name = Debug;
		};
		933C5FFC2062352E002D7BEE /* Release */ = {
			isa = XCBuildConfiguration;
			buildSettings = {
				ASSETCATALOG_COMPILER_APPICON_NAME = AppIcon;
				CODE_SIGN_STYLE = Automatic;
				INFOPLIST_FILE = BaseProject/Info.plist;
				LD_RUNPATH_SEARCH_PATHS = "$(inherited) @executable_path/Frameworks";
				PRODUCT_BUNDLE_IDENTIFIER = tea.BaseProject;
				PRODUCT_NAME = "$(TARGET_NAME)";
				SWIFT_VERSION = 4.0;
				TARGETED_DEVICE_FAMILY = "1,2";
			};
			name = Release;
		};
		933C5FFE2062352E002D7BEE /* Debug */ = {
			isa = XCBuildConfiguration;
			buildSettings = {
				ALWAYS_EMBED_SWIFT_STANDARD_LIBRARIES = YES;
				BUNDLE_LOADER = "$(TEST_HOST)";
				CODE_SIGN_STYLE = Automatic;
				INFOPLIST_FILE = BaseProjectTests/Info.plist;
				LD_RUNPATH_SEARCH_PATHS = "$(inherited) @executable_path/Frameworks @loader_path/Frameworks";
				PRODUCT_BUNDLE_IDENTIFIER = tea.BaseProjectTests;
				PRODUCT_NAME = "$(TARGET_NAME)";
				SWIFT_VERSION = 4.0;
				TARGETED_DEVICE_FAMILY = "1,2";
				TEST_HOST = "$(BUILT_PRODUCTS_DIR)/BaseProject.app/BaseProject";
			};
			name = Debug;
		};
		933C5FFF2062352E002D7BEE /* Release */ = {
			isa = XCBuildConfiguration;
			buildSettings = {
				ALWAYS_EMBED_SWIFT_STANDARD_LIBRARIES = YES;
				BUNDLE_LOADER = "$(TEST_HOST)";
				CODE_SIGN_STYLE = Automatic;
				INFOPLIST_FILE = BaseProjectTests/Info.plist;
				LD_RUNPATH_SEARCH_PATHS = "$(inherited) @executable_path/Frameworks @loader_path/Frameworks";
				PRODUCT_BUNDLE_IDENTIFIER = tea.BaseProjectTests;
				PRODUCT_NAME = "$(TARGET_NAME)";
				SWIFT_VERSION = 4.0;
				TARGETED_DEVICE_FAMILY = "1,2";
				TEST_HOST = "$(BUILT_PRODUCTS_DIR)/BaseProject.app/BaseProject";
			};
			name = Release;
		};
		933C60012062352E002D7BEE /* Debug */ = {
			isa = XCBuildConfiguration;
			buildSettings = {
				ALWAYS_EMBED_SWIFT_STANDARD_LIBRARIES = YES;
				CODE_SIGN_STYLE = Automatic;
				INFOPLIST_FILE = BaseProjectUITests/Info.plist;
				LD_RUNPATH_SEARCH_PATHS = "$(inherited) @executable_path/Frameworks @loader_path/Frameworks";
				PRODUCT_BUNDLE_IDENTIFIER = tea.BaseProjectUITests;
				PRODUCT_NAME = "$(TARGET_NAME)";
				SWIFT_VERSION = 4.0;
				TARGETED_DEVICE_FAMILY = "1,2";
				TEST_TARGET_NAME = BaseProject;
			};
			name = Debug;
		};
		933C60022062352E002D7BEE /* Release */ = {
			isa = XCBuildConfiguration;
			buildSettings = {
				ALWAYS_EMBED_SWIFT_STANDARD_LIBRARIES = YES;
				CODE_SIGN_STYLE = Automatic;
				INFOPLIST_FILE = BaseProjectUITests/Info.plist;
				LD_RUNPATH_SEARCH_PATHS = "$(inherited) @executable_path/Frameworks @loader_path/Frameworks";
				PRODUCT_BUNDLE_IDENTIFIER = tea.BaseProjectUITests;
				PRODUCT_NAME = "$(TARGET_NAME)";
				SWIFT_VERSION = 4.0;
				TARGETED_DEVICE_FAMILY = "1,2";
				TEST_TARGET_NAME = BaseProject;
			};
			name = Release;
		};
/* End XCBuildConfiguration section */

/* Begin XCConfigurationList section */
		933C5FCD2062352E002D7BEE /* Build configuration list for PBXProject "BaseProject" */ = {
			isa = XCConfigurationList;
			buildConfigurations = (
				933C5FF82062352E002D7BEE /* Debug */,
				933C5FF92062352E002D7BEE /* Release */,
			);
			defaultConfigurationIsVisible = 0;
			defaultConfigurationName = Release;
		};
		933C5FFA2062352E002D7BEE /* Build configuration list for PBXNativeTarget "BaseProject" */ = {
			isa = XCConfigurationList;
			buildConfigurations = (
				933C5FFB2062352E002D7BEE /* Debug */,
				933C5FFC2062352E002D7BEE /* Release */,
			);
			defaultConfigurationIsVisible = 0;
			defaultConfigurationName = Release;
		};
		933C5FFD2062352E002D7BEE /* Build configuration list for PBXNativeTarget "BaseProjectTests" */ = {
			isa = XCConfigurationList;
			buildConfigurations = (
				933C5FFE2062352E002D7BEE /* Debug */,
				933C5FFF2062352E002D7BEE /* Release */,
			);
			defaultConfigurationIsVisible = 0;
			defaultConfigurationName = Release;
		};
		933C60002062352E002D7BEE /* Build configuration list for PBXNativeTarget "BaseProjectUITests" */ = {
			isa = XCConfigurationList;
			buildConfigurations = (
				933C60012062352E002D7BEE /* Debug */,
				933C60022062352E002D7BEE /* Release */,
			);
			defaultConfigurationIsVisible = 0;
			defaultConfigurationName = Release;
		};
/* End XCConfigurationList section */
	};
	rootObject = 933C5FCA2062352E002D7BEE /* Project object */;
}
